Microsoft Visual Studio Solution File, Format Version 12.00
# Visual Studio Version 17
VisualStudioVersion = 17.5.2.0
MinimumVisualStudioVersion = 10.0.40219.1
Project("{FAE04EC0-301F-11D3-BF4B-00C04F79EFBC}") = "hybridroots-dotnet", "hybridroots-dotnet\hybridroots-dotnet.csproj", "{DFF541FE-DF99-F40A-C882-E534CFB299F7}"
EndProject
Global
	GlobalSection(SolutionConfigurationPlatforms) = preSolution
		Debug|Any CPU = Debug|Any CPU
		Release|Any CPU = Release|Any CPU
	EndGlobalSection
	GlobalSection(ProjectConfigurationPlatforms) = postSolution
		{DFF541FE-DF99-F40A-C882-E534CFB299F7}.Debug|Any CPU.ActiveCfg = Debug|Any CPU
		{DFF541FE-DF99-F40A-C882-E534CFB299F7}.Debug|Any CPU.Build.0 = Debug|Any CPU
		{DFF541FE-DF99-F40A-C882-E534CFB299F7}.Release|Any CPU.ActiveCfg = Release|Any CPU
		{DFF541FE-DF99-F40A-C882-E534CFB299F7}.Release|Any CPU.Build.0 = Release|Any CPU
	EndGlobalSection
	GlobalSection(SolutionProperties) = preSolution
		HideSolutionNode = FALSE
	EndGlobalSection
	GlobalSection(ExtensibilityGlobals) = postSolution
		SolutionGuid = {2B1938CB-0240-472B-B009-B25530437934}
	EndGlobalSection
EndGlobal
